// !$*UTF8*$!
{
	archiveVersion = 1;
	classes = {
	};
	objectVersion = 56;
	objects = {

/* Begin PBXBuildFile section */
		A2018DF729FF2A51007E09F4 /* CurrentBuildersController.swift in Sources */ = {isa = PBXBuildFile; fileRef = A2018DF629FF2A51007E09F4 /* CurrentBuildersController.swift */; };
		A2018DF929FF2A5E007E09F4 /* DesiredBuildersController.swift in Sources */ = {isa = PBXBuildFile; fileRef = A2018DF829FF2A5E007E09F4 /* DesiredBuildersController.swift */; };
		A2A1C1FB2A005AD3008597D8 /* EndedBuildersController.swift in Sources */ = {isa = PBXBuildFile; fileRef = A2A1C1FA2A005AD2008597D8 /* EndedBuildersController.swift */; };
		A2A1C22A2A0089EE008597D8 /* Builder+CoreDataClass.swift in Sources */ = {isa = PBXBuildFile; fileRef = A2A1C2262A0089EE008597D8 /* Builder+CoreDataClass.swift */; };
		A2A1C22C2A0089EE008597D8 /* SubBuilder+CoreDataClass.swift in Sources */ = {isa = PBXBuildFile; fileRef = A2A1C2282A0089EE008597D8 /* SubBuilder+CoreDataClass.swift */; };
		A2A1C22F2A016B20008597D8 /* Builder+CoreDataProperties.swift in Sources */ = {isa = PBXBuildFile; fileRef = A2A1C22E2A016B20008597D8 /* Builder+CoreDataProperties.swift */; };
		A2A1C2312A0170C2008597D8 /* InitialNewBuilderController.swift in Sources */ = {isa = PBXBuildFile; fileRef = A2A1C2302A0170C2008597D8 /* InitialNewBuilderController.swift */; };
		A2D7EAD429FEC4010049C0B5 /* AppDelegate.swift in Sources */ = {isa = PBXBuildFile; fileRef = A2D7EAD329FEC4010049C0B5 /* AppDelegate.swift */; };
		A2D7EAD629FEC4010049C0B5 /* SceneDelegate.swift in Sources */ = {isa = PBXBuildFile; fileRef = A2D7EAD529FEC4010049C0B5 /* SceneDelegate.swift */; };
		A2D7EAD829FEC4010049C0B5 /* MainScreenViewController.swift in Sources */ = {isa = PBXBuildFile; fileRef = A2D7EAD729FEC4010049C0B5 /* MainScreenViewController.swift */; };
		A2D7EADB29FEC4010049C0B5 /* Main.storyboard in Resources */ = {isa = PBXBuildFile; fileRef = A2D7EAD929FEC4010049C0B5 /* Main.storyboard */; };
		A2D7EADE29FEC4010049C0B5 /* habits_app.xcdatamodeld in Sources */ = {isa = PBXBuildFile; fileRef = A2D7EADC29FEC4010049C0B5 /* habits_app.xcdatamodeld */; };
		A2D7EAE029FEC4030049C0B5 /* Assets.xcassets in Resources */ = {isa = PBXBuildFile; fileRef = A2D7EADF29FEC4030049C0B5 /* Assets.xcassets */; };
		A2D7EAE329FEC4030049C0B5 /* LaunchScreen.storyboard in Resources */ = {isa = PBXBuildFile; fileRef = A2D7EAE129FEC4030049C0B5 /* LaunchScreen.storyboard */; };
		A2D7EAEE29FEC4040049C0B5 /* habits_appTests.swift in Sources */ = {isa = PBXBuildFile; fileRef = A2D7EAED29FEC4040049C0B5 /* habits_appTests.swift */; };
		A2D7EAF829FEC4040049C0B5 /* habits_appUITests.swift in Sources */ = {isa = PBXBuildFile; fileRef = A2D7EAF729FEC4040049C0B5 /* habits_appUITests.swift */; };
		A2D7EAFA29FEC4040049C0B5 /* habits_appUITestsLaunchTests.swift in Sources */ = {isa = PBXBuildFile; fileRef = A2D7EAF929FEC4040049C0B5 /* habits_appUITestsLaunchTests.swift */; };
		A2D8E6962A01AFB70097424C /* SetupSubBuildersController.swift in Sources */ = {isa = PBXBuildFile; fileRef = A2D8E6952A01AFB70097424C /* SetupSubBuildersController.swift */; };
		A2D8E6982A02D9AB0097424C /* NewSubBuildersTableViewController.swift in Sources */ = {isa = PBXBuildFile; fileRef = A2D8E6972A02D9AA0097424C /* NewSubBuildersTableViewController.swift */; };
		A2D8E69A2A0314C60097424C /* NewSubBuilderCustomCell.xib in Resources */ = {isa = PBXBuildFile; fileRef = A2D8E6992A0314C60097424C /* NewSubBuilderCustomCell.xib */; };
		A2D8E69C2A0316380097424C /* NewSubBuilderCustomCell.swift in Sources */ = {isa = PBXBuildFile; fileRef = A2D8E69B2A0316380097424C /* NewSubBuilderCustomCell.swift */; };
		A2D8E69E2A0702C20097424C /* FinalNewBuilderController.swift in Sources */ = {isa = PBXBuildFile; fileRef = A2D8E69D2A0702C20097424C /* FinalNewBuilderController.swift */; };
		A2D8E6A02A0710AF0097424C /* MainNavigationController.swift in Sources */ = {isa = PBXBuildFile; fileRef = A2D8E69F2A0710AF0097424C /* MainNavigationController.swift */; };
		A2D8E6A22A098EE90097424C /* SubBuilder+CoreDataProperties.swift in Sources */ = {isa = PBXBuildFile; fileRef = A2D8E6A12A098EE90097424C /* SubBuilder+CoreDataProperties.swift */; };
/* End PBXBuildFile section */

/* Begin PBXContainerItemProxy section */
		A2D7EAEA29FEC4040049C0B5 /* PBXContainerItemProxy */ = {
			isa = PBXContainerItemProxy;
			containerPortal = A2D7EAC829FEC4010049C0B5 /* Project object */;
			proxyType = 1;
			remoteGlobalIDString = A2D7EACF29FEC4010049C0B5;
			remoteInfo = "habits-app";
		};
		A2D7EAF429FEC4040049C0B5 /* PBXContainerItemProxy */ = {
			isa = PBXContainerItemProxy;
			containerPortal = A2D7EAC829FEC4010049C0B5 /* Project object */;
			proxyType = 1;
			remoteGlobalIDString = A2D7EACF29FEC4010049C0B5;
			remoteInfo = "habits-app";
		};
/* End PBXContainerItemProxy section */

/* Begin PBXFileReference section */
		A2018DF629FF2A51007E09F4 /* CurrentBuildersController.swift */ = {isa = PBXFileReference; lastKnownFileType = sourcecode.swift; path = CurrentBuildersController.swift; sourceTree = "<group>"; };
		A2018DF829FF2A5E007E09F4 /* DesiredBuildersController.swift */ = {isa = PBXFileReference; lastKnownFileType = sourcecode.swift; path = DesiredBuildersController.swift; sourceTree = "<group>"; };
		A2A1C1FA2A005AD2008597D8 /* EndedBuildersController.swift */ = {isa = PBXFileReference; lastKnownFileType = sourcecode.swift; path = EndedBuildersController.swift; sourceTree = "<group>"; };
		A2A1C2262A0089EE008597D8 /* Builder+CoreDataClass.swift */ = {isa = PBXFileReference; lastKnownFileType = sourcecode.swift; path = "Builder+CoreDataClass.swift"; sourceTree = "<group>"; };
		A2A1C2282A0089EE008597D8 /* SubBuilder+CoreDataClass.swift */ = {isa = PBXFileReference; lastKnownFileType = sourcecode.swift; path = "SubBuilder+CoreDataClass.swift"; sourceTree = "<group>"; };
		A2A1C22E2A016B20008597D8 /* Builder+CoreDataProperties.swift */ = {isa = PBXFileReference; lastKnownFileType = sourcecode.swift; path = "Builder+CoreDataProperties.swift"; sourceTree = "<group>"; };
		A2A1C2302A0170C2008597D8 /* InitialNewBuilderController.swift */ = {isa = PBXFileReference; lastKnownFileType = sourcecode.swift; path = InitialNewBuilderController.swift; sourceTree = "<group>"; };
		A2D7EAD029FEC4010049C0B5 /* habits-app.app */ = {isa = PBXFileReference; explicitFileType = wrapper.application; includeInIndex = 0; path = "habits-app.app"; sourceTree = BUILT_PRODUCTS_DIR; };
		A2D7EAD329FEC4010049C0B5 /* AppDelegate.swift */ = {isa = PBXFileReference; lastKnownFileType = sourcecode.swift; path = AppDelegate.swift; sourceTree = "<group>"; };
		A2D7EAD529FEC4010049C0B5 /* SceneDelegate.swift */ = {isa = PBXFileReference; lastKnownFileType = sourcecode.swift; path = SceneDelegate.swift; sourceTree = "<group>"; };
		A2D7EAD729FEC4010049C0B5 /* MainScreenViewController.swift */ = {isa = PBXFileReference; lastKnownFileType = sourcecode.swift; path = MainScreenViewController.swift; sourceTree = "<group>"; };
		A2D7EADA29FEC4010049C0B5 /* Base */ = {isa = PBXFileReference; lastKnownFileType = file.storyboard; name = Base; path = Base.lproj/Main.storyboard; sourceTree = "<group>"; };
		A2D7EADD29FEC4010049C0B5 /* habits_app.xcdatamodel */ = {isa = PBXFileReference; lastKnownFileType = wrapper.xcdatamodel; path = habits_app.xcdatamodel; sourceTree = "<group>"; };
		A2D7EADF29FEC4030049C0B5 /* Assets.xcassets */ = {isa = PBXFileReference; lastKnownFileType = folder.assetcatalog; path = Assets.xcassets; sourceTree = "<group>"; };
		A2D7EAE229FEC4030049C0B5 /* Base */ = {isa = PBXFileReference; lastKnownFileType = file.storyboard; name = Base; path = Base.lproj/LaunchScreen.storyboard; sourceTree = "<group>"; };
		A2D7EAE429FEC4030049C0B5 /* Info.plist */ = {isa = PBXFileReference; lastKnownFileType = text.plist.xml; path = Info.plist; sourceTree = "<group>"; };
		A2D7EAE929FEC4040049C0B5 /* habits-appTests.xctest */ = {isa = PBXFileReference; explicitFileType = wrapper.cfbundle; includeInIndex = 0; path = "habits-appTests.xctest"; sourceTree = BUILT_PRODUCTS_DIR; };
		A2D7EAED29FEC4040049C0B5 /* habits_appTests.swift */ = {isa = PBXFileReference; lastKnownFileType = sourcecode.swift; path = habits_appTests.swift; sourceTree = "<group>"; };
		A2D7EAF329FEC4040049C0B5 /* habits-appUITests.xctest */ = {isa = PBXFileReference; explicitFileType = wrapper.cfbundle; includeInIndex = 0; path = "habits-appUITests.xctest"; sourceTree = BUILT_PRODUCTS_DIR; };
		A2D7EAF729FEC4040049C0B5 /* habits_appUITests.swift */ = {isa = PBXFileReference; lastKnownFileType = sourcecode.swift; path = habits_appUITests.swift; sourceTree = "<group>"; };
		A2D7EAF929FEC4040049C0B5 /* habits_appUITestsLaunchTests.swift */ = {isa = PBXFileReference; lastKnownFileType = sourcecode.swift; path = habits_appUITestsLaunchTests.swift; sourceTree = "<group>"; };
		A2D8E6952A01AFB70097424C /* SetupSubBuildersController.swift */ = {isa = PBXFileReference; lastKnownFileType = sourcecode.swift; path = SetupSubBuildersController.swift; sourceTree = "<group>"; };
		A2D8E6972A02D9AA0097424C /* NewSubBuildersTableViewController.swift */ = {isa = PBXFileReference; lastKnownFileType = sourcecode.swift; path = NewSubBuildersTableViewController.swift; sourceTree = "<group>"; };
		A2D8E6992A0314C60097424C /* NewSubBuilderCustomCell.xib */ = {isa = PBXFileReference; lastKnownFileType = file.xib; path = NewSubBuilderCustomCell.xib; sourceTree = "<group>"; };
		A2D8E69B2A0316380097424C /* NewSubBuilderCustomCell.swift */ = {isa = PBXFileReference; lastKnownFileType = sourcecode.swift; path = NewSubBuilderCustomCell.swift; sourceTree = "<group>"; };
		A2D8E69D2A0702C20097424C /* FinalNewBuilderController.swift */ = {isa = PBXFileReference; lastKnownFileType = sourcecode.swift; path = FinalNewBuilderController.swift; sourceTree = "<group>"; };
		A2D8E69F2A0710AF0097424C /* MainNavigationController.swift */ = {isa = PBXFileReference; lastKnownFileType = sourcecode.swift; path = MainNavigationController.swift; sourceTree = "<group>"; };
		A2D8E6A12A098EE90097424C /* SubBuilder+CoreDataProperties.swift */ = {isa = PBXFileReference; lastKnownFileType = sourcecode.swift; path = "SubBuilder+CoreDataProperties.swift"; sourceTree = "<group>"; };
/* End PBXFileReference section */

/* Begin PBXFrameworksBuildPhase section */
		A2D7EACD29FEC4010049C0B5 /* Frameworks */ = {
			isa = PBXFrameworksBuildPhase;
			buildActionMask = 2147483647;
			files = (
			);
			runOnlyForDeploymentPostprocessing = 0;
		};
		A2D7EAE629FEC4040049C0B5 /* Frameworks */ = {
			isa = PBXFrameworksBuildPhase;
			buildActionMask = 2147483647;
			files = (
			);
			runOnlyForDeploymentPostprocessing = 0;
		};
		A2D7EAF029FEC4040049C0B5 /* Frameworks */ = {
			isa = PBXFrameworksBuildPhase;
			buildActionMask = 2147483647;
			files = (
			);
			runOnlyForDeploymentPostprocessing = 0;
		};
/* End PBXFrameworksBuildPhase section */

/* Begin PBXGroup section */
		A225C9CB2A01AED3007A5E1F /* New Builder */ = {
			isa = PBXGroup;
			children = (
				A2A1C2302A0170C2008597D8 /* InitialNewBuilderController.swift */,
				A2D8E6952A01AFB70097424C /* SetupSubBuildersController.swift */,
				A2D8E6972A02D9AA0097424C /* NewSubBuildersTableViewController.swift */,
				A2D8E69B2A0316380097424C /* NewSubBuilderCustomCell.swift */,
				A2D8E6992A0314C60097424C /* NewSubBuilderCustomCell.xib */,
				A2D8E69D2A0702C20097424C /* FinalNewBuilderController.swift */,
			);
			path = "New Builder";
			sourceTree = "<group>";
		};
		A2D7EAC729FEC4010049C0B5 = {
			isa = PBXGroup;
			children = (
				A2D7EAD229FEC4010049C0B5 /* habits-app */,
				A2D7EAEC29FEC4040049C0B5 /* habits-appTests */,
				A2D7EAF629FEC4040049C0B5 /* habits-appUITests */,
				A2D7EAD129FEC4010049C0B5 /* Products */,
			);
			sourceTree = "<group>";
		};
		A2D7EAD129FEC4010049C0B5 /* Products */ = {
			isa = PBXGroup;
			children = (
				A2D7EAD029FEC4010049C0B5 /* habits-app.app */,
				A2D7EAE929FEC4040049C0B5 /* habits-appTests.xctest */,
				A2D7EAF329FEC4040049C0B5 /* habits-appUITests.xctest */,
			);
			name = Products;
			sourceTree = "<group>";
		};
		A2D7EAD229FEC4010049C0B5 /* habits-app */ = {
			isa = PBXGroup;
			children = (
				A225C9CB2A01AED3007A5E1F /* New Builder */,
				A2D7EAD329FEC4010049C0B5 /* AppDelegate.swift */,
				A2D7EAD529FEC4010049C0B5 /* SceneDelegate.swift */,
				A2D8E69F2A0710AF0097424C /* MainNavigationController.swift */,
				A2D7EAD729FEC4010049C0B5 /* MainScreenViewController.swift */,
				A2018DF629FF2A51007E09F4 /* CurrentBuildersController.swift */,
				A2A1C1FA2A005AD2008597D8 /* EndedBuildersController.swift */,
				A2018DF829FF2A5E007E09F4 /* DesiredBuildersController.swift */,
				A2A1C2262A0089EE008597D8 /* Builder+CoreDataClass.swift */,
				A2A1C22E2A016B20008597D8 /* Builder+CoreDataProperties.swift */,
				A2A1C2282A0089EE008597D8 /* SubBuilder+CoreDataClass.swift */,
				A2D8E6A12A098EE90097424C /* SubBuilder+CoreDataProperties.swift */,
				A2D7EAD929FEC4010049C0B5 /* Main.storyboard */,
				A2D7EADF29FEC4030049C0B5 /* Assets.xcassets */,
				A2D7EAE129FEC4030049C0B5 /* LaunchScreen.storyboard */,
				A2D7EAE429FEC4030049C0B5 /* Info.plist */,
				A2D7EADC29FEC4010049C0B5 /* habits_app.xcdatamodeld */,
			);
			path = "habits-app";
			sourceTree = "<group>";
		};
		A2D7EAEC29FEC4040049C0B5 /* habits-appTests */ = {
			isa = PBXGroup;
			children = (
				A2D7EAED29FEC4040049C0B5 /* habits_appTests.swift */,
			);
			path = "habits-appTests";
			sourceTree = "<group>";
		};
		A2D7EAF629FEC4040049C0B5 /* habits-appUITests */ = {
			isa = PBXGroup;
			children = (
				A2D7EAF729FEC4040049C0B5 /* habits_appUITests.swift */,
				A2D7EAF929FEC4040049C0B5 /* habits_appUITestsLaunchTests.swift */,
			);
			path = "habits-appUITests";
			sourceTree = "<group>";
		};
/* End PBXGroup section */

/* Begin PBXNativeTarget section */
		A2D7EACF29FEC4010049C0B5 /* habits-app */ = {
			isa = PBXNativeTarget;
			buildConfigurationList = A2D7EAFD29FEC4040049C0B5 /* Build configuration list for PBXNativeTarget "habits-app" */;
			buildPhases = (
				A2D7EACC29FEC4010049C0B5 /* Sources */,
				A2D7EACD29FEC4010049C0B5 /* Frameworks */,
				A2D7EACE29FEC4010049C0B5 /* Resources */,
			);
			buildRules = (
			);
			dependencies = (
			);
			name = "habits-app";
			productName = "habits-app";
			productReference = A2D7EAD029FEC4010049C0B5 /* habits-app.app */;
			productType = "com.apple.product-type.application";
		};
		A2D7EAE829FEC4040049C0B5 /* habits-appTests */ = {
			isa = PBXNativeTarget;
			buildConfigurationList = A2D7EB0029FEC4040049C0B5 /* Build configuration list for PBXNativeTarget "habits-appTests" */;
			buildPhases = (
				A2D7EAE529FEC4040049C0B5 /* Sources */,
				A2D7EAE629FEC4040049C0B5 /* Frameworks */,
				A2D7EAE729FEC4040049C0B5 /* Resources */,
			);
			buildRules = (
			);
			dependencies = (
				A2D7EAEB29FEC4040049C0B5 /* PBXTargetDependency */,
			);
			name = "habits-appTests";
			productName = "habits-appTests";
			productReference = A2D7EAE929FEC4040049C0B5 /* habits-appTests.xctest */;
			productType = "com.apple.product-type.bundle.unit-test";
		};
		A2D7EAF229FEC4040049C0B5 /* habits-appUITests */ = {
			isa = PBXNativeTarget;
			buildConfigurationList = A2D7EB0329FEC4040049C0B5 /* Build configuration list for PBXNativeTarget "habits-appUITests" */;
			buildPhases = (
				A2D7EAEF29FEC4040049C0B5 /* Sources */,
				A2D7EAF029FEC4040049C0B5 /* Frameworks */,
				A2D7EAF129FEC4040049C0B5 /* Resources */,
			);
			buildRules = (
			);
			dependencies = (
				A2D7EAF529FEC4040049C0B5 /* PBXTargetDependency */,
			);
			name = "habits-appUITests";
			productName = "habits-appUITests";
			productReference = A2D7EAF329FEC4040049C0B5 /* habits-appUITests.xctest */;
			productType = "com.apple.product-type.bundle.ui-testing";
		};
/* End PBXNativeTarget section */

/* Begin PBXProject section */
		A2D7EAC829FEC4010049C0B5 /* Project object */ = {
			isa = PBXProject;
			attributes = {
				BuildIndependentTargetsInParallel = 1;
				LastSwiftUpdateCheck = 1420;
				LastUpgradeCheck = 1420;
				TargetAttributes = {
					A2D7EACF29FEC4010049C0B5 = {
						CreatedOnToolsVersion = 14.2;
					};
					A2D7EAE829FEC4040049C0B5 = {
						CreatedOnToolsVersion = 14.2;
						TestTargetID = A2D7EACF29FEC4010049C0B5;
					};
					A2D7EAF229FEC4040049C0B5 = {
						CreatedOnToolsVersion = 14.2;
						TestTargetID = A2D7EACF29FEC4010049C0B5;
					};
				};
			};
			buildConfigurationList = A2D7EACB29FEC4010049C0B5 /* Build configuration list for PBXProject "habits-app" */;
			compatibilityVersion = "Xcode 14.0";
			developmentRegion = en;
			hasScannedForEncodings = 0;
			knownRegions = (
				en,
				Base,
			);
			mainGroup = A2D7EAC729FEC4010049C0B5;
			productRefGroup = A2D7EAD129FEC4010049C0B5 /* Products */;
			projectDirPath = "";
			projectRoot = "";
			targets = (
				A2D7EACF29FEC4010049C0B5 /* habits-app */,
				A2D7EAE829FEC4040049C0B5 /* habits-appTests */,
				A2D7EAF229FEC4040049C0B5 /* habits-appUITests */,
			);
		};
/* End PBXProject section */

/* Begin PBXResourcesBuildPhase section */
		A2D7EACE29FEC4010049C0B5 /* Resources */ = {
			isa = PBXResourcesBuildPhase;
			buildActionMask = 2147483647;
			files = (
				A2D8E69A2A0314C60097424C /* NewSubBuilderCustomCell.xib in Resources */,
				A2D7EAE329FEC4030049C0B5 /* LaunchScreen.storyboard in Resources */,
				A2D7EAE029FEC4030049C0B5 /* Assets.xcassets in Resources */,
				A2D7EADB29FEC4010049C0B5 /* Main.storyboard in Resources */,
			);
			runOnlyForDeploymentPostprocessing = 0;
		};
		A2D7EAE729FEC4040049C0B5 /* Resources */ = {
			isa = PBXResourcesBuildPhase;
			buildActionMask = 2147483647;
			files = (
			);
			runOnlyForDeploymentPostprocessing = 0;
		};
		A2D7EAF129FEC4040049C0B5 /* Resources */ = {
			isa = PBXResourcesBuildPhase;
			buildActionMask = 2147483647;
			files = (
			);
			runOnlyForDeploymentPostprocessing = 0;
		};
/* End PBXResourcesBuildPhase section */

/* Begin PBXSourcesBuildPhase section */
		A2D7EACC29FEC4010049C0B5 /* Sources */ = {
			isa = PBXSourcesBuildPhase;
			buildActionMask = 2147483647;
			files = (
				A2D7EAD829FEC4010049C0B5 /* MainScreenViewController.swift in Sources */,
				A2D8E6982A02D9AB0097424C /* NewSubBuildersTableViewController.swift in Sources */,
				A2A1C22A2A0089EE008597D8 /* Builder+CoreDataClass.swift in Sources */,
				A2D7EAD429FEC4010049C0B5 /* AppDelegate.swift in Sources */,
				A2A1C22C2A0089EE008597D8 /* SubBuilder+CoreDataClass.swift in Sources */,
				A2018DF729FF2A51007E09F4 /* CurrentBuildersController.swift in Sources */,
				A2018DF929FF2A5E007E09F4 /* DesiredBuildersController.swift in Sources */,
				A2D8E6A02A0710AF0097424C /* MainNavigationController.swift in Sources */,
				A2D7EADE29FEC4010049C0B5 /* habits_app.xcdatamodeld in Sources */,
				A2D8E69E2A0702C20097424C /* FinalNewBuilderController.swift in Sources */,
				A2A1C22F2A016B20008597D8 /* Builder+CoreDataProperties.swift in Sources */,
				A2D8E6962A01AFB70097424C /* SetupSubBuildersController.swift in Sources */,
				A2D8E6A22A098EE90097424C /* SubBuilder+CoreDataProperties.swift in Sources */,
				A2A1C1FB2A005AD3008597D8 /* EndedBuildersController.swift in Sources */,
				A2A1C2312A0170C2008597D8 /* InitialNewBuilderController.swift in Sources */,
				A2D8E69C2A0316380097424C /* NewSubBuilderCustomCell.swift in Sources */,
				A2D7EAD629FEC4010049C0B5 /* SceneDelegate.swift in Sources */,
			);
			runOnlyForDeploymentPostprocessing = 0;
		};
		A2D7EAE529FEC4040049C0B5 /* Sources */ = {
			isa = PBXSourcesBuildPhase;
			buildActionMask = 2147483647;
			files = (
				A2D7EAEE29FEC4040049C0B5 /* habits_appTests.swift in Sources */,
			);
			runOnlyForDeploymentPostprocessing = 0;
		};
		A2D7EAEF29FEC4040049C0B5 /* Sources */ = {
			isa = PBXSourcesBuildPhase;
			buildActionMask = 2147483647;
			files = (
				A2D7EAF829FEC4040049C0B5 /* habits_appUITests.swift in Sources */,
				A2D7EAFA29FEC4040049C0B5 /* habits_appUITestsLaunchTests.swift in Sources */,
			);
			runOnlyForDeploymentPostprocessing = 0;
		};
/* End PBXSourcesBuildPhase section */

/* Begin PBXTargetDependency section */
		A2D7EAEB29FEC4040049C0B5 /* PBXTargetDependency */ = {
			isa = PBXTargetDependency;
			target = A2D7EACF29FEC4010049C0B5 /* habits-app */;
			targetProxy = A2D7EAEA29FEC4040049C0B5 /* PBXContainerItemProxy */;
		};
		A2D7EAF529FEC4040049C0B5 /* PBXTargetDependency */ = {
			isa = PBXTargetDependency;
			target = A2D7EACF29FEC4010049C0B5 /* habits-app */;
			targetProxy = A2D7EAF429FEC4040049C0B5 /* PBXContainerItemProxy */;
		};
/* End PBXTargetDependency section */

/* Begin PBXVariantGroup section */
		A2D7EAD929FEC4010049C0B5 /* Main.storyboard */ = {
			isa = PBXVariantGroup;
			children = (
				A2D7EADA29FEC4010049C0B5 /* Base */,
			);
			name = Main.storyboard;
			sourceTree = "<group>";
		};
		A2D7EAE129FEC4030049C0B5 /* LaunchScreen.storyboard */ = {
			isa = PBXVariantGroup;
			children = (
				A2D7EAE229FEC4030049C0B5 /* Base */,
			);
			name = LaunchScreen.storyboard;
			sourceTree = "<group>";
		};
/* End PBXVariantGroup section */

/* Begin XCBuildConfiguration section */
		A2D7EAFB29FEC4040049C0B5 /* Debug */ = {
			isa = XCBuildConfiguration;
			buildSettings = {
				ALWAYS_SEARCH_USER_PATHS = NO;
				CLANG_ANALYZER_NONNULL = YES;
				CLANG_ANALYZER_NUMBER_OBJECT_CONVERSION = YES_AGGRESSIVE;
				CLANG_CXX_LANGUAGE_STANDARD = "gnu++20";
				CLANG_ENABLE_MODULES = YES;
				CLANG_ENABLE_OBJC_ARC = YES;
				CLANG_ENABLE_OBJC_WEAK = YES;
				CLANG_WARN_BLOCK_CAPTURE_AUTORELEASING = YES;
				CLANG_WARN_BOOL_CONVERSION = YES;
				CLANG_WARN_COMMA = YES;
				CLANG_WARN_CONSTANT_CONVERSION = YES;
				CLANG_WARN_DEPRECATED_OBJC_IMPLEMENTATIONS = YES;
				CLANG_WARN_DIRECT_OBJC_ISA_USAGE = YES_ERROR;
				CLANG_WARN_DOCUMENTATION_COMMENTS = YES;
				CLANG_WARN_EMPTY_BODY = YES;
				CLANG_WARN_ENUM_CONVERSION = YES;
				CLANG_WARN_INFINITE_RECURSION = YES;
				CLANG_WARN_INT_CONVERSION = YES;
				CLANG_WARN_NON_LITERAL_NULL_CONVERSION = YES;
				CLANG_WARN_OBJC_IMPLICIT_RETAIN_SELF = YES;
				CLANG_WARN_OBJC_LITERAL_CONVERSION = YES;
				CLANG_WARN_OBJC_ROOT_CLASS = YES_ERROR;
				CLANG_WARN_QUOTED_INCLUDE_IN_FRAMEWORK_HEADER = YES;
				CLANG_WARN_RANGE_LOOP_ANALYSIS = YES;
				CLANG_WARN_STRICT_PROTOTYPES = YES;
				CLANG_WARN_SUSPICIOUS_MOVE = YES;
				CLANG_WARN_UNGUARDED_AVAILABILITY = YES_AGGRESSIVE;
				CLANG_WARN_UNREACHABLE_CODE = YES;
				CLANG_WARN__DUPLICATE_METHOD_MATCH = YES;
				COPY_PHASE_STRIP = NO;
				DEBUG_INFORMATION_FORMAT = dwarf;
				ENABLE_STRICT_OBJC_MSGSEND = YES;
				ENABLE_TESTABILITY = YES;
				GCC_C_LANGUAGE_STANDARD = gnu11;
				GCC_DYNAMIC_NO_PIC = NO;
				GCC_NO_COMMON_BLOCKS = YES;
				GCC_OPTIMIZATION_LEVEL = 0;
				GCC_PREPROCESSOR_DEFINITIONS = (
					"DEBUG=1",
					"$(inherited)",
				);
				GCC_WARN_64_TO_32_BIT_CONVERSION = YES;
				GCC_WARN_ABOUT_RETURN_TYPE = YES_ERROR;
				GCC_WARN_UNDECLARED_SELECTOR = YES;
				GCC_WARN_UNINITIALIZED_AUTOS = YES_AGGRESSIVE;
				GCC_WARN_UNUSED_FUNCTION = YES;
				GCC_WARN_UNUSED_VARIABLE = YES;
				IPHONEOS_DEPLOYMENT_TARGET = 16.0;
				MTL_ENABLE_DEBUG_INFO = INCLUDE_SOURCE;
				MTL_FAST_MATH = YES;
				ONLY_ACTIVE_ARCH = YES;
				SDKROOT = iphoneos;
				SWIFT_ACTIVE_COMPILATION_CONDITIONS = DEBUG;
				SWIFT_OPTIMIZATION_LEVEL = "-Onone";
			};
			name = Debug;
		};
		A2D7EAFC29FEC4040049C0B5 /* Release */ = {
			isa = XCBuildConfiguration;
			buildSettings = {
				ALWAYS_SEARCH_USER_PATHS = NO;
				CLANG_ANALYZER_NONNULL = YES;
				CLANG_ANALYZER_NUMBER_OBJECT_CONVERSION = YES_AGGRESSIVE;
				CLANG_CXX_LANGUAGE_STANDARD = "gnu++20";
				CLANG_ENABLE_MODULES = YES;
				CLANG_ENABLE_OBJC_ARC = YES;
				CLANG_ENABLE_OBJC_WEAK = YES;
				CLANG_WARN_BLOCK_CAPTURE_AUTORELEASING = YES;
				CLANG_WARN_BOOL_CONVERSION = YES;
				CLANG_WARN_COMMA = YES;
				CLANG_WARN_CONSTANT_CONVERSION = YES;
				CLANG_WARN_DEPRECATED_OBJC_IMPLEMENTATIONS = YES;
				CLANG_WARN_DIRECT_OBJC_ISA_USAGE = YES_ERROR;
				CLANG_WARN_DOCUMENTATION_COMMENTS = YES;
				CLANG_WARN_EMPTY_BODY = YES;
				CLANG_WARN_ENUM_CONVERSION = YES;
				CLANG_WARN_INFINITE_RECURSION = YES;
				CLANG_WARN_INT_CONVERSION = YES;
				CLANG_WARN_NON_LITERAL_NULL_CONVERSION = YES;
				CLANG_WARN_OBJC_IMPLICIT_RETAIN_SELF = YES;
				CLANG_WARN_OBJC_LITERAL_CONVERSION = YES;
				CLANG_WARN_OBJC_ROOT_CLASS = YES_ERROR;
				CLANG_WARN_QUOTED_INCLUDE_IN_FRAMEWORK_HEADER = YES;
				CLANG_WARN_RANGE_LOOP_ANALYSIS = YES;
				CLANG_WARN_STRICT_PROTOTYPES = YES;
				CLANG_WARN_SUSPICIOUS_MOVE = YES;
				CLANG_WARN_UNGUARDED_AVAILABILITY = YES_AGGRESSIVE;
				CLANG_WARN_UNREACHABLE_CODE = YES;
				CLANG_WARN__DUPLICATE_METHOD_MATCH = YES;
				COPY_PHASE_STRIP = NO;
				DEBUG_INFORMATION_FORMAT = "dwarf-with-dsym";
				ENABLE_NS_ASSERTIONS = NO;
				ENABLE_STRICT_OBJC_MSGSEND = YES;
				GCC_C_LANGUAGE_STANDARD = gnu11;
				GCC_NO_COMMON_BLOCKS = YES;
				GCC_WARN_64_TO_32_BIT_CONVERSION = YES;
				GCC_WARN_ABOUT_RETURN_TYPE = YES_ERROR;
				GCC_WARN_UNDECLARED_SELECTOR = YES;
				GCC_WARN_UNINITIALIZED_AUTOS = YES_AGGRESSIVE;
				GCC_WARN_UNUSED_FUNCTION = YES;
				GCC_WARN_UNUSED_VARIABLE = YES;
				IPHONEOS_DEPLOYMENT_TARGET = 16.0;
				MTL_ENABLE_DEBUG_INFO = NO;
				MTL_FAST_MATH = YES;
				SDKROOT = iphoneos;
				SWIFT_COMPILATION_MODE = wholemodule;
				SWIFT_OPTIMIZATION_LEVEL = "-O";
				VALIDATE_PRODUCT = YES;
			};
			name = Release;
		};
		A2D7EAFE29FEC4040049C0B5 /* Debug */ = {
			isa = XCBuildConfiguration;
			buildSettings = {
				ASSETCATALOG_COMPILER_APPICON_NAME = AppIcon;
				ASSETCATALOG_COMPILER_GLOBAL_ACCENT_COLOR_NAME = AccentColor;
				CODE_SIGN_STYLE = Automatic;
				CURRENT_PROJECT_VERSION = 1;
				DEVELOPMENT_TEAM = 6N6RG82H84;
				GENERATE_INFOPLIST_FILE = YES;
				INFOPLIST_FILE = "habits-app/Info.plist";
				INFOPLIST_KEY_UIApplicationSupportsIndirectInputEvents = YES;
				INFOPLIST_KEY_UILaunchStoryboardName = LaunchScreen;
				INFOPLIST_KEY_UIMainStoryboardFile = Main;
				INFOPLIST_KEY_UISupportedInterfaceOrientations_iPad = "UIInterfaceOrientationPortrait UIInterfaceOrientationPortraitUpsideDown UIInterfaceOrientationLandscapeLeft UIInterfaceOrientationLandscapeRight";
				INFOPLIST_KEY_UISupportedInterfaceOrientations_iPhone = "UIInterfaceOrientationPortrait UIInterfaceOrientationLandscapeLeft UIInterfaceOrientationLandscapeRight";
				IPHONEOS_DEPLOYMENT_TARGET = 16.0;
				LD_RUNPATH_SEARCH_PATHS = (
					"$(inherited)",
					"@executable_path/Frameworks",
				);
				MARKETING_VERSION = 1.0;
				PRODUCT_BUNDLE_IDENTIFIER = "com.mochoaco.habits-app";
				PRODUCT_NAME = "$(TARGET_NAME)";
				SWIFT_EMIT_LOC_STRINGS = YES;
				SWIFT_VERSION = 5.0;
				TARGETED_DEVICE_FAMILY = "1,2";
			};
			name = Debug;
		};
		A2D7EAFF29FEC4040049C0B5 /* Release */ = {
			isa = XCBuildConfiguration;
			buildSettings = {
				ASSETCATALOG_COMPILER_APPICON_NAME = AppIcon;
				ASSETCATALOG_COMPILER_GLOBAL_ACCENT_COLOR_NAME = AccentColor;
				CODE_SIGN_STYLE = Automatic;
				CURRENT_PROJECT_VERSION = 1;
				DEVELOPMENT_TEAM = 6N6RG82H84;
				GENERATE_INFOPLIST_FILE = YES;
				INFOPLIST_FILE = "habits-app/Info.plist";
				INFOPLIST_KEY_UIApplicationSupportsIndirectInputEvents = YES;
				INFOPLIST_KEY_UILaunchStoryboardName = LaunchScreen;
				INFOPLIST_KEY_UIMainStoryboardFile = Main;
				INFOPLIST_KEY_UISupportedInterfaceOrientations_iPad = "UIInterfaceOrientationPortrait UIInterfaceOrientationPortraitUpsideDown UIInterfaceOrientationLandscapeLeft UIInterfaceOrientationLandscapeRight";
				INFOPLIST_KEY_UISupportedInterfaceOrientations_iPhone = "UIInterfaceOrientationPortrait UIInterfaceOrientationLandscapeLeft UIInterfaceOrientationLandscapeRight";
				IPHONEOS_DEPLOYMENT_TARGET = 16.0;
				LD_RUNPATH_SEARCH_PATHS = (
					"$(inherited)",
					"@executable_path/Frameworks",
				);
				MARKETING_VERSION = 1.0;
				PRODUCT_BUNDLE_IDENTIFIER = "com.mochoaco.habits-app";
				PRODUCT_NAME = "$(TARGET_NAME)";
				SWIFT_EMIT_LOC_STRINGS = YES;
				SWIFT_VERSION = 5.0;
				TARGETED_DEVICE_FAMILY = "1,2";
			};
			name = Release;
		};
		A2D7EB0129FEC4040049C0B5 /* Debug */ = {
			isa = XCBuildConfiguration;
			buildSettings = {
				ALWAYS_EMBED_SWIFT_STANDARD_LIBRARIES = YES;
				BUNDLE_LOADER = "$(TEST_HOST)";
				CODE_SIGN_STYLE = Automatic;
				CURRENT_PROJECT_VERSION = 1;
				DEVELOPMENT_TEAM = 6N6RG82H84;
				GENERATE_INFOPLIST_FILE = YES;
				IPHONEOS_DEPLOYMENT_TARGET = 16.2;
				MARKETING_VERSION = 1.0;
				PRODUCT_BUNDLE_IDENTIFIER = "com.mochoaco.habits-appTests";
				PRODUCT_NAME = "$(TARGET_NAME)";
				SWIFT_EMIT_LOC_STRINGS = NO;
				SWIFT_VERSION = 5.0;
				TARGETED_DEVICE_FAMILY = "1,2";
				TEST_HOST = "$(BUILT_PRODUCTS_DIR)/habits-app.app/$(BUNDLE_EXECUTABLE_FOLDER_PATH)/habits-app";
			};
			name = Debug;
		};
		A2D7EB0229FEC4040049C0B5 /* Release */ = {
			isa = XCBuildConfiguration;
			buildSettings = {
				ALWAYS_EMBED_SWIFT_STANDARD_LIBRARIES = YES;
				BUNDLE_LOADER = "$(TEST_HOST)";
				CODE_SIGN_STYLE = Automatic;
				CURRENT_PROJECT_VERSION = 1;
				DEVELOPMENT_TEAM = 6N6RG82H84;
				GENERATE_INFOPLIST_FILE = YES;
				IPHONEOS_DEPLOYMENT_TARGET = 16.2;
				MARKETING_VERSION = 1.0;
				PRODUCT_BUNDLE_IDENTIFIER = "com.mochoaco.habits-appTests";
				PRODUCT_NAME = "$(TARGET_NAME)";
				SWIFT_EMIT_LOC_STRINGS = NO;
				SWIFT_VERSION = 5.0;
				TARGETED_DEVICE_FAMILY = "1,2";
				TEST_HOST = "$(BUILT_PRODUCTS_DIR)/habits-app.app/$(BUNDLE_EXECUTABLE_FOLDER_PATH)/habits-app";
			};
			name = Release;
		};
		A2D7EB0429FEC4040049C0B5 /* Debug */ = {
			isa = XCBuildConfiguration;
			buildSettings = {
				ALWAYS_EMBED_SWIFT_STANDARD_LIBRARIES = YES;
				CODE_SIGN_STYLE = Automatic;
				CURRENT_PROJECT_VERSION = 1;
				DEVELOPMENT_TEAM = 6N6RG82H84;
				GENERATE_INFOPLIST_FILE = YES;
				MARKETING_VERSION = 1.0;
				PRODUCT_BUNDLE_IDENTIFIER = "com.mochoaco.habits-appUITests";
				PRODUCT_NAME = "$(TARGET_NAME)";
				SWIFT_EMIT_LOC_STRINGS = NO;
				SWIFT_VERSION = 5.0;
				TARGETED_DEVICE_FAMILY = "1,2";
				TEST_TARGET_NAME = "habits-app";
			};
			name = Debug;
		};
		A2D7EB0529FEC4040049C0B5 /* Release */ = {
			isa = XCBuildConfiguration;
			buildSettings = {
				ALWAYS_EMBED_SWIFT_STANDARD_LIBRARIES = YES;
				CODE_SIGN_STYLE = Automatic;
				CURRENT_PROJECT_VERSION = 1;
				DEVELOPMENT_TEAM = 6N6RG82H84;
				GENERATE_INFOPLIST_FILE = YES;
				MARKETING_VERSION = 1.0;
				PRODUCT_BUNDLE_IDENTIFIER = "com.mochoaco.habits-appUITests";
				PRODUCT_NAME = "$(TARGET_NAME)";
				SWIFT_EMIT_LOC_STRINGS = NO;
				SWIFT_VERSION = 5.0;
				TARGETED_DEVICE_FAMILY = "1,2";
				TEST_TARGET_NAME = "habits-app";
			};
			name = Release;
		};
/* End XCBuildConfiguration section */

/* Begin XCConfigurationList section */
		A2D7EACB29FEC4010049C0B5 /* Build configuration list for PBXProject "habits-app" */ = {
			isa = XCConfigurationList;
			buildConfigurations = (
				A2D7EAFB29FEC4040049C0B5 /* Debug */,
				A2D7EAFC29FEC4040049C0B5 /* Release */,
			);
			defaultConfigurationIsVisible = 0;
			defaultConfigurationName = Release;
		};
		A2D7EAFD29FEC4040049C0B5 /* Build configuration list for PBXNativeTarget "habits-app" */ = {
			isa = XCConfigurationList;
			buildConfigurations = (
				A2D7EAFE29FEC4040049C0B5 /* Debug */,
				A2D7EAFF29FEC4040049C0B5 /* Release */,
			);
			defaultConfigurationIsVisible = 0;
			defaultConfigurationName = Release;
		};
		A2D7EB0029FEC4040049C0B5 /* Build configuration list for PBXNativeTarget "habits-appTests" */ = {
			isa = XCConfigurationList;
			buildConfigurations = (
				A2D7EB0129FEC4040049C0B5 /* Debug */,
				A2D7EB0229FEC4040049C0B5 /* Release */,
			);
			defaultConfigurationIsVisible = 0;
			defaultConfigurationName = Release;
		};
		A2D7EB0329FEC4040049C0B5 /* Build configuration list for PBXNativeTarget "habits-appUITests" */ = {
			isa = XCConfigurationList;
			buildConfigurations = (
				A2D7EB0429FEC4040049C0B5 /* Debug */,
				A2D7EB0529FEC4040049C0B5 /* Release */,
			);
			defaultConfigurationIsVisible = 0;
			defaultConfigurationName = Release;
		};
/* End XCConfigurationList section */

/* Begin XCVersionGroup section */
		A2D7EADC29FEC4010049C0B5 /* habits_app.xcdatamodeld */ = {
			isa = XCVersionGroup;
			children = (
				A2D7EADD29FEC4010049C0B5 /* habits_app.xcdatamodel */,
			);
			currentVersion = A2D7EADD29FEC4010049C0B5 /* habits_app.xcdatamodel */;
			path = habits_app.xcdatamodeld;
			sourceTree = "<group>";
			versionGroupType = wrapper.xcdatamodel;
		};
/* End XCVersionGroup section */
	};
	rootObject = A2D7EAC829FEC4010049C0B5 /* Project object */;
}
